{
  "name": "calculator-browserify-ts",
  "version": "1.0.0",
  "lockfileVersion": 1,
  "requires": true,
  "dependencies": {
    "@types/jasmine": {
      "version": "3.3.9",
      "resolved": "https://registry.npmjs.org/@types/jasmine/-/jasmine-3.3.9.tgz",
      "integrity": "sha512-vw3VyFPa9mlba6NZPBZC3q2Zrnkgy5xuCVI43/tTLX6umdYrYvcFtQUKi2zH3PjFZQ9XCxNM/NMrM9uk8TPOzg==",
      "dev": true
    }
  }
}
